
Microsoft Visual Studio Solution File, Format Version 12.00
# Visual Studio Version 17
VisualStudioVersion = 17.14.36203.30 d17.14
MinimumVisualStudioVersion = 10.0.40219.1
Project("{FAE04EC0-301F-11D3-BF4B-00C04F79EFBC}") = "Challenge", "Challenge.csproj", "{878BBAF1-F0AC-486F-89AC-B4A548323562}"
EndProject
Global
	GlobalSection(SolutionConfigurationPlatforms) = preSolution
		Debug|Any CPU = Debug|Any CPU
		Release|Any CPU = Release|Any CPU
	EndGlobalSection
	GlobalSection(ProjectConfigurationPlatforms) = postSolution
		{878BBAF1-F0AC-486F-89AC-B4A548323562}.Debug|Any CPU.ActiveCfg = Debug|Any CPU
		{878BBAF1-F0AC-486F-89AC-B4A548323562}.Debug|Any CPU.Build.0 = Debug|Any CPU
		{878BBAF1-F0AC-486F-89AC-B4A548323562}.Release|Any CPU.ActiveCfg = Release|Any CPU
		{878BBAF1-F0AC-486F-89AC-B4A548323562}.Release|Any CPU.Build.0 = Release|Any CPU
	EndGlobalSection
	GlobalSection(SolutionProperties) = preSolution
		HideSolutionNode = FALSE
	EndGlobalSection
	GlobalSection(ExtensibilityGlobals) = postSolution
		SolutionGuid = {B76B2C51-DE9D-449B-AB71-E73BBEC26876}
	EndGlobalSection
EndGlobal
